
Microsoft Visual Studio Solution File, Format Version 12.00
# Visual Studio Version 17
VisualStudioVersion = 17.8.34330.188
MinimumVisualStudioVersion = 10.0.40219.1
Project("{FAE04EC0-301F-11D3-BF4B-00C04F79EFBC}") = "WebApplication4", "WebApplication4.csproj", "{36D7CE46-A874-4228-9CF7-E194AA4AE9B9}"
EndProject
Global
	GlobalSection(SolutionConfigurationPlatforms) = preSolution
		Debug|Any CPU = Debug|Any CPU
		Release|Any CPU = Release|Any CPU
	EndGlobalSection
	GlobalSection(ProjectConfigurationPlatforms) = postSolution
		{36D7CE46-A874-4228-9CF7-E194AA4AE9B9}.Debug|Any CPU.ActiveCfg = Debug|Any CPU
		{36D7CE46-A874-4228-9CF7-E194AA4AE9B9}.Debug|Any CPU.Build.0 = Debug|Any CPU
		{36D7CE46-A874-4228-9CF7-E194AA4AE9B9}.Release|Any CPU.ActiveCfg = Release|Any CPU
		{36D7CE46-A874-4228-9CF7-E194AA4AE9B9}.Release|Any CPU.Build.0 = Release|Any CPU
	EndGlobalSection
	GlobalSection(SolutionProperties) = preSolution
		HideSolutionNode = FALSE
	EndGlobalSection
	GlobalSection(ExtensibilityGlobals) = postSolution
		SolutionGuid = {A2E1A901-A87F-4B5A-A419-9E7C223B1422}
	EndGlobalSection
EndGlobal
